
Microsoft Visual Studio Solution File, Format Version 12.00
# Visual Studio 15
VisualStudioVersion = 15.0.27703.2042
MinimumVisualStudioVersion = 10.0.40219.1
Project("{FAE04EC0-301F-11D3-BF4B-00C04F79EFBC}") = "LibCECService", "LibCECService\LibCECService.csproj", "{A545274C-69AD-4078-8E52-93445ECE0E14}"
EndProject
Project("{FAE04EC0-301F-11D3-BF4B-00C04F79EFBC}") = "LibCECWrapper", "LibCECWrapper\LibCECWrapper.csproj", "{D1B94C62-E956-4E82-B805-053AE5FB8BD7}"
EndProject
Project("{FAE04EC0-301F-11D3-BF4B-00C04F79EFBC}") = "LibCECServiceInstaller", "LibCECServiceInstaller\LibCECServiceInstaller.csproj", "{707E8CD5-4364-4151-8DF5-D639E50AEECE}"
EndProject
Project("{FAE04EC0-301F-11D3-BF4B-00C04F79EFBC}") = "LibCECTests", "LibCECTests\LibCECTests.csproj", "{9051BA71-BA65-4B89-BA32-0B2311CD0E4F}"
EndProject
Project("{FAE04EC0-301F-11D3-BF4B-00C04F79EFBC}") = "LibCECServiceCLI", "LibCECServiceCLI\LibCECServiceCLI.csproj", "{EFFCABE5-87FA-4099-865E-84CCAEF2B16E}"
EndProject
Global
	GlobalSection(SolutionConfigurationPlatforms) = preSolution
		Debug|Any CPU = Debug|Any CPU
		Debug|x64 = Debug|x64
		Release|Any CPU = Release|Any CPU
		Release|x64 = Release|x64
	EndGlobalSection
	GlobalSection(ProjectConfigurationPlatforms) = postSolution
		{A545274C-69AD-4078-8E52-93445ECE0E14}.Debug|Any CPU.ActiveCfg = Debug|Any CPU
		{A545274C-69AD-4078-8E52-93445ECE0E14}.Debug|Any CPU.Build.0 = Debug|Any CPU
		{A545274C-69AD-4078-8E52-93445ECE0E14}.Debug|x64.ActiveCfg = Debug|x64
		{A545274C-69AD-4078-8E52-93445ECE0E14}.Debug|x64.Build.0 = Debug|x64
		{A545274C-69AD-4078-8E52-93445ECE0E14}.Release|Any CPU.ActiveCfg = Release|Any CPU
		{A545274C-69AD-4078-8E52-93445ECE0E14}.Release|Any CPU.Build.0 = Release|Any CPU
		{A545274C-69AD-4078-8E52-93445ECE0E14}.Release|x64.ActiveCfg = Release|x64
		{A545274C-69AD-4078-8E52-93445ECE0E14}.Release|x64.Build.0 = Release|x64
		{D1B94C62-E956-4E82-B805-053AE5FB8BD7}.Debug|Any CPU.ActiveCfg = Debug|Any CPU
		{D1B94C62-E956-4E82-B805-053AE5FB8BD7}.Debug|Any CPU.Build.0 = Debug|Any CPU
		{D1B94C62-E956-4E82-B805-053AE5FB8BD7}.Debug|x64.ActiveCfg = Debug|x64
		{D1B94C62-E956-4E82-B805-053AE5FB8BD7}.Debug|x64.Build.0 = Debug|x64
		{D1B94C62-E956-4E82-B805-053AE5FB8BD7}.Release|Any CPU.ActiveCfg = Release|Any CPU
		{D1B94C62-E956-4E82-B805-053AE5FB8BD7}.Release|x64.ActiveCfg = Release|x64
		{D1B94C62-E956-4E82-B805-053AE5FB8BD7}.Release|x64.Build.0 = Release|x64
		{707E8CD5-4364-4151-8DF5-D639E50AEECE}.Debug|Any CPU.ActiveCfg = Debug|Any CPU
		{707E8CD5-4364-4151-8DF5-D639E50AEECE}.Debug|Any CPU.Build.0 = Debug|Any CPU
		{707E8CD5-4364-4151-8DF5-D639E50AEECE}.Debug|x64.ActiveCfg = Debug|x64
		{707E8CD5-4364-4151-8DF5-D639E50AEECE}.Debug|x64.Build.0 = Debug|x64
		{707E8CD5-4364-4151-8DF5-D639E50AEECE}.Release|Any CPU.ActiveCfg = Release|Any CPU
		{707E8CD5-4364-4151-8DF5-D639E50AEECE}.Release|Any CPU.Build.0 = Release|Any CPU
		{707E8CD5-4364-4151-8DF5-D639E50AEECE}.Release|x64.ActiveCfg = Release|x64
		{707E8CD5-4364-4151-8DF5-D639E50AEECE}.Release|x64.Build.0 = Release|x64
		{9051BA71-BA65-4B89-BA32-0B2311CD0E4F}.Debug|Any CPU.ActiveCfg = Debug|Any CPU
		{9051BA71-BA65-4B89-BA32-0B2311CD0E4F}.Debug|Any CPU.Build.0 = Debug|Any CPU
		{9051BA71-BA65-4B89-BA32-0B2311CD0E4F}.Debug|x64.ActiveCfg = Debug|Any CPU
		{9051BA71-BA65-4B89-BA32-0B2311CD0E4F}.Debug|x64.Build.0 = Debug|Any CPU
		{9051BA71-BA65-4B89-BA32-0B2311CD0E4F}.Release|Any CPU.ActiveCfg = Release|Any CPU
		{9051BA71-BA65-4B89-BA32-0B2311CD0E4F}.Release|Any CPU.Build.0 = Release|Any CPU
		{9051BA71-BA65-4B89-BA32-0B2311CD0E4F}.Release|x64.ActiveCfg = Release|Any CPU
		{9051BA71-BA65-4B89-BA32-0B2311CD0E4F}.Release|x64.Build.0 = Release|Any CPU
		{EFFCABE5-87FA-4099-865E-84CCAEF2B16E}.Debug|Any CPU.ActiveCfg = Debug|Any CPU
		{EFFCABE5-87FA-4099-865E-84CCAEF2B16E}.Debug|Any CPU.Build.0 = Debug|Any CPU
		{EFFCABE5-87FA-4099-865E-84CCAEF2B16E}.Debug|x64.ActiveCfg = Debug|Any CPU
		{EFFCABE5-87FA-4099-865E-84CCAEF2B16E}.Debug|x64.Build.0 = Debug|Any CPU
		{EFFCABE5-87FA-4099-865E-84CCAEF2B16E}.Release|Any CPU.ActiveCfg = Release|Any CPU
		{EFFCABE5-87FA-4099-865E-84CCAEF2B16E}.Release|Any CPU.Build.0 = Release|Any CPU
		{EFFCABE5-87FA-4099-865E-84CCAEF2B16E}.Release|x64.ActiveCfg = Release|Any CPU
		{EFFCABE5-87FA-4099-865E-84CCAEF2B16E}.Release|x64.Build.0 = Release|Any CPU
	EndGlobalSection
	GlobalSection(SolutionProperties) = preSolution
		HideSolutionNode = FALSE
	EndGlobalSection
	GlobalSection(ExtensibilityGlobals) = postSolution
		SolutionGuid = {2F5F0B42-152E-4862-8DEE-655A6952CD06}
	EndGlobalSection
EndGlobal
